
Microsoft Visual Studio Solution File, Format Version 12.00
# Visual Studio Version 17
VisualStudioVersion = 17.6.33723.286
MinimumVisualStudioVersion = 10.0.40219.1
Project("{FAE04EC0-301F-11D3-BF4B-00C04F79EFBC}") = "FinalExam", "FinalExam.csproj", "{0AF9C5D4-6197-463D-87AD-8BEF8D31C8B7}"
EndProject
Global
	GlobalSection(SolutionConfigurationPlatforms) = preSolution
		Debug|Any CPU = Debug|Any CPU
		Release|Any CPU = Release|Any CPU
	EndGlobalSection
	GlobalSection(ProjectConfigurationPlatforms) = postSolution
		{0AF9C5D4-6197-463D-87AD-8BEF8D31C8B7}.Debug|Any CPU.ActiveCfg = Debug|Any CPU
		{0AF9C5D4-6197-463D-87AD-8BEF8D31C8B7}.Debug|Any CPU.Build.0 = Debug|Any CPU
		{0AF9C5D4-6197-463D-87AD-8BEF8D31C8B7}.Release|Any CPU.ActiveCfg = Release|Any CPU
		{0AF9C5D4-6197-463D-87AD-8BEF8D31C8B7}.Release|Any CPU.Build.0 = Release|Any CPU
	EndGlobalSection
	GlobalSection(SolutionProperties) = preSolution
		HideSolutionNode = FALSE
	EndGlobalSection
	GlobalSection(ExtensibilityGlobals) = postSolution
		SolutionGuid = {0B21A47E-1913-4365-9B99-9F9694454AD9}
	EndGlobalSection
EndGlobal
